<?xml version="1.0" encoding="utf-8"?>
<Project ToolsVersion="4.0" xmlns="http://schemas.microsoft.com/developer/msbuild/2003">
  <ItemGroup>
    <Filter Include="Fichiers sources">
      <UniqueIdentifier>{4FC737F1-C7A5-4376-A066-2A32D752A2FF}</UniqueIdentifier>
      <Extensions>cpp;c;cc;cxx;def;odl;idl;hpj;bat;asm;asmx</Extensions>
    </Filter>
    <Filter Include="Fichiers d%27en-tête">
      <UniqueIdentifier>{93995380-89BD-4b04-88EB-625FBE52EBFB}</UniqueIdentifier>
      <Extensions>h;hh;hpp;hxx;hm;inl;inc;ipp;xsd</Extensions>
    </Filter>
    <Filter Include="Fichiers de ressources">
      <UniqueIdentifier>{67DA6AB6-F800-4c08-8B7A-83BB121AAD01}</UniqueIdentifier>
      <Extensions>rc;ico;cur;bmp;dlg;rc2;rct;bin;rgs;gif;jpg;jpeg;jpe;resx;tiff;tif;png;wav;mfcribbon-ms</Extensions>
    </Filter>
    <Filter Include="Fichiers sources\Lua">
      <UniqueIdentifier>{cb5cbb8f-3d9c-47ee-97c7-d6e001203a81}</UniqueIdentifier>
    </Filter>
    <Filter Include="Fichiers d%27en-tête\Lua">
      <UniqueIdentifier>{578b3d64-a123-4b8d-9fd6-8b1f9d4a65a7}</UniqueIdentifier>
    </Filter>
    <Filter Include="Fichiers sources\Helpers">
      <UniqueIdentifier>{35f70d75-9d62-4a7a-8594-40e55b749814}</UniqueIdentifier>
    </Filter>
    <Filter Include="Fichiers d%27en-tête\Helpers">
      <UniqueIdentifier>{b53593de-0dfd-4f6a-af94-b3a2991a85a8}</UniqueIdentifier>
    </Filter>
    <Filter Include="Fichiers sources\Textures">
      <UniqueIdentifier>{d03ec490-4cc9-42e3-ae8b-7237d7be3a6e}</UniqueIdentifier>
    </Filter>
    <Filter Include="Fichiers d%27en-tête\Textures">
      <UniqueIdentifier>{ce525f11-0719-43e3-ac0a-b233cfd4d693}</UniqueIdentifier>
    </Filter>
    <Filter Include="Fichiers d%27en-tête\Threads">
      <UniqueIdentifier>{05e757c1-d013-4a21-99ef-0a4cec22cb81}</UniqueIdentifier>
    </Filter>
    <Filter Include="Fichiers sources\Threads">
      <UniqueIdentifier>{ef5ec83d-911a-408a-9ab3-2a63809d7eed}</UniqueIdentifier>
    </Filter>
    <Filter Include="Fichiers d%27en-tête\LuaAPIs">
      <UniqueIdentifier>{14c3bce3-e234-4581-babe-1ba01342e625}</UniqueIdentifier>
    </Filter>
    <Filter Include="Fichiers sources\LuaAPIs">
      <UniqueIdentifier>{615fbdd8-8306-4f73-85f4-69ae3bd3bc77}</UniqueIdentifier>
    </Filter>
    <Filter Include="Fichiers sources\Fonts">
      <UniqueIdentifier>{7fe475e1-9114-46f6-8aaf-b237ddbef3e7}</UniqueIdentifier>
    </Filter>
    <Filter Include="Fichiers d%27en-tête\Fonts">
      <UniqueIdentifier>{4a9b81b9-fd24-418b-a709-051a11c230fb}</UniqueIdentifier>
    </Filter>
    <Filter Include="Fichiers sources\Engine">
      <UniqueIdentifier>{26e3eeb3-9786-498b-b059-9dbd028be7da}</UniqueIdentifier>
    </Filter>
    <Filter Include="Fichiers d%27en-tête\Engine">
      <UniqueIdentifier>{82afddc6-6682-48e6-817b-510fe6dcd99c}</UniqueIdentifier>
    </Filter>
  </ItemGroup>
  <ItemGroup>
    <ClInclude Include="Lua\lua.h">
      <Filter>Fichiers d%27en-tête\Lua</Filter>
    </ClInclude>
    <ClInclude Include="Lua\ltable.h">
      <Filter>Fichiers d%27en-tête\Lua</Filter>
    </ClInclude>
    <ClInclude Include="Lua\lfunc.h">
      <Filter>Fichiers d%27en-tête\Lua</Filter>
    </ClInclude>
    <ClInclude Include="Lua\lgc.h">
      <Filter>Fichiers d%27en-tête\Lua</Filter>
    </ClInclude>
    <ClInclude Include="Lua\lobject.h">
      <Filter>Fichiers d%27en-tête\Lua</Filter>
    </ClInclude>
    <ClInclude Include="Lua\lstate.h">
      <Filter>Fichiers d%27en-tête\Lua</Filter>
    </ClInclude>
    <ClInclude Include="Lua\luaconf.h">
      <Filter>Fichiers d%27en-tête\Lua</Filter>
    </ClInclude>
    <ClInclude Include="Lua\lapi.h">
      <Filter>Fichiers d%27en-tête\Lua</Filter>
    </ClInclude>
    <ClInclude Include="Lua\lauxlib.h">
      <Filter>Fichiers d%27en-tête\Lua</Filter>
    </ClInclude>
    <ClInclude Include="Lua\lcode.h">
      <Filter>Fichiers d%27en-tête\Lua</Filter>
    </ClInclude>
    <ClInclude Include="Lua\ldebug.h">
      <Filter>Fichiers d%27en-tête\Lua</Filter>
    </ClInclude>
    <ClInclude Include="Lua\ldo.h">
      <Filter>Fichiers d%27en-tête\Lua</Filter>
    </ClInclude>
    <ClInclude Include="Lua\llex.h">
      <Filter>Fichiers d%27en-tête\Lua</Filter>
    </ClInclude>
    <ClInclude Include="Lua\llimits.h">
      <Filter>Fichiers d%27en-tête\Lua</Filter>
    </ClInclude>
    <ClInclude Include="Lua\lmem.h">
      <Filter>Fichiers d%27en-tête\Lua</Filter>
    </ClInclude>
    <ClInclude Include="Lua\lopcodes.h">
      <Filter>Fichiers d%27en-tête\Lua</Filter>
    </ClInclude>
    <ClInclude Include="Lua\lparser.h">
      <Filter>Fichiers d%27en-tête\Lua</Filter>
    </ClInclude>
    <ClInclude Include="Lua\lprefix.h">
      <Filter>Fichiers d%27en-tête\Lua</Filter>
    </ClInclude>
    <ClInclude Include="Lua\lstring.h">
      <Filter>Fichiers d%27en-tête\Lua</Filter>
    </ClInclude>
    <ClInclude Include="Lua\ltm.h">
      <Filter>Fichiers d%27en-tête\Lua</Filter>
    </ClInclude>
    <ClInclude Include="Lua\lualib.h">
      <Filter>Fichiers d%27en-tête\Lua</Filter>
    </ClInclude>
    <ClInclude Include="Lua\lundump.h">
      <Filter>Fichiers d%27en-tête\Lua</Filter>
    </ClInclude>
    <ClInclude Include="Lua\lvm.h">
      <Filter>Fichiers d%27en-tête\Lua</Filter>
    </ClInclude>
    <ClInclude Include="Lua\lzio.h">
      <Filter>Fichiers d%27en-tête\Lua</Filter>
    </ClInclude>
    <ClInclude Include="Lua\lctype.h">
      <Filter>Fichiers d%27en-tête\Lua</Filter>
    </ClInclude>
    <ClInclude Include="Lua\lua.hpp">
      <Filter>Fichiers d%27en-tête\Lua</Filter>
    </ClInclude>
    <ClInclude Include="LuaContext.h">
      <Filter>Fichiers d%27en-tête</Filter>
    </ClInclude>
    <ClInclude Include="LuaGL.h">
      <Filter>Fichiers d%27en-tête\LuaAPIs</Filter>
    </ClInclude>
    <ClInclude Include="MathHelper.h">
      <Filter>Fichiers d%27en-tête\Helpers</Filter>
    </ClInclude>
    <ClInclude Include="LuaValueHelper.h">
      <Filter>Fichiers d%27en-tête\Helpers</Filter>
    </ClInclude>
    <ClInclude Include="Terminal.h">
      <Filter>Fichiers d%27en-tête\LuaAPIs</Filter>
    </ClInclude>
    <ClInclude Include="LuaBinding.h">
      <Filter>Fichiers d%27en-tête\Helpers</Filter>
    </ClInclude>
    <ClInclude Include="FontRenderer.h">
      <Filter>Fichiers d%27en-tête\Fonts</Filter>
    </ClInclude>
    <ClInclude Include="stb_image.h">
      <Filter>Fichiers d%27en-tête\Textures</Filter>
    </ClInclude>
    <ClInclude Include="TextureLoader.h">
      <Filter>Fichiers d%27en-tête\Textures</Filter>
    </ClInclude>
    <ClInclude Include="SharedQueue.h">
      <Filter>Fichiers d%27en-tête\Threads</Filter>
    </ClInclude>
    <ClInclude Include="Display.h">
      <Filter>Fichiers d%27en-tête\Engine</Filter>
    </ClInclude>
    <ClInclude Include="Engine.h">
      <Filter>Fichiers d%27en-tête\Engine</Filter>
    </ClInclude>
    <ClInclude Include="EngineVariables.h">
      <Filter>Fichiers d%27en-tête\Engine</Filter>
    </ClInclude>
    <ClInclude Include="OS.h">
      <Filter>Fichiers d%27en-tête\LuaAPIs</Filter>
    </ClInclude>
    <ClInclude Include="FileSystem.h">
      <Filter>Fichiers d%27en-tête\LuaAPIs</Filter>
    </ClInclude>
    <ClInclude Include="FSHelper.h">
      <Filter>Fichiers d%27en-tête\Helpers</Filter>
    </ClInclude>
  </ItemGroup>
  <ItemGroup>
    <ClCompile Include="LuaGS.cpp">
      <Filter>Fichiers sources</Filter>
    </ClCompile>
    <ClCompile Include="Lua\ltable.c">
      <Filter>Fichiers sources\Lua</Filter>
    </ClCompile>
    <ClCompile Include="Lua\lapi.c">
      <Filter>Fichiers sources\Lua</Filter>
    </ClCompile>
    <ClCompile Include="Lua\lgc.c">
      <Filter>Fichiers sources\Lua</Filter>
    </ClCompile>
    <ClCompile Include="Lua\ldebug.c">
      <Filter>Fichiers sources\Lua</Filter>
    </ClCompile>
    <ClCompile Include="Lua\lparser.c">
      <Filter>Fichiers sources\Lua</Filter>
    </ClCompile>
    <ClCompile Include="Lua\lbaselib.c">
      <Filter>Fichiers sources\Lua</Filter>
    </ClCompile>
    <ClCompile Include="Lua\lfunc.c">
      <Filter>Fichiers sources\Lua</Filter>
    </ClCompile>
    <ClCompile Include="Lua\lstate.c">
      <Filter>Fichiers sources\Lua</Filter>
    </ClCompile>
    <ClCompile Include="Lua\ltm.c">
      <Filter>Fichiers sources\Lua</Filter>
    </ClCompile>
    <ClCompile Include="Lua\lvm.c">
      <Filter>Fichiers sources\Lua</Filter>
    </ClCompile>
    <ClCompile Include="Lua\liolib.c">
      <Filter>Fichiers sources\Lua</Filter>
    </ClCompile>
    <ClCompile Include="Lua\lobject.c">
      <Filter>Fichiers sources\Lua</Filter>
    </ClCompile>
    <ClCompile Include="Lua\loslib.c">
      <Filter>Fichiers sources\Lua</Filter>
    </ClCompile>
    <ClCompile Include="Lua\lstrlib.c">
      <Filter>Fichiers sources\Lua</Filter>
    </ClCompile>
    <ClCompile Include="Lua\lua.c">
      <Filter>Fichiers sources\Lua</Filter>
    </ClCompile>
    <ClCompile Include="Lua\lutf8lib.c">
      <Filter>Fichiers sources\Lua</Filter>
    </ClCompile>
    <ClCompile Include="Lua\lauxlib.c">
      <Filter>Fichiers sources\Lua</Filter>
    </ClCompile>
    <ClCompile Include="Lua\lbitlib.c">
      <Filter>Fichiers sources\Lua</Filter>
    </ClCompile>
    <ClCompile Include="Lua\lcode.c">
      <Filter>Fichiers sources\Lua</Filter>
    </ClCompile>
    <ClCompile Include="Lua\lcorolib.c">
      <Filter>Fichiers sources\Lua</Filter>
    </ClCompile>
    <ClCompile Include="Lua\lctype.c">
      <Filter>Fichiers sources\Lua</Filter>
    </ClCompile>
    <ClCompile Include="Lua\ldblib.c">
      <Filter>Fichiers sources\Lua</Filter>
    </ClCompile>
    <ClCompile Include="Lua\ldo.c">
      <Filter>Fichiers sources\Lua</Filter>
    </ClCompile>
    <ClCompile Include="Lua\ldump.c">
      <Filter>Fichiers sources\Lua</Filter>
    </ClCompile>
    <ClCompile Include="Lua\linit.c">
      <Filter>Fichiers sources\Lua</Filter>
    </ClCompile>
    <ClCompile Include="Lua\llex.c">
      <Filter>Fichiers sources\Lua</Filter>
    </ClCompile>
    <ClCompile Include="Lua\lmathlib.c">
      <Filter>Fichiers sources\Lua</Filter>
    </ClCompile>
    <ClCompile Include="Lua\lmem.c">
      <Filter>Fichiers sources\Lua</Filter>
    </ClCompile>
    <ClCompile Include="Lua\loadlib.c">
      <Filter>Fichiers sources\Lua</Filter>
    </ClCompile>
    <ClCompile Include="Lua\lopcodes.c">
      <Filter>Fichiers sources\Lua</Filter>
    </ClCompile>
    <ClCompile Include="Lua\lstring.c">
      <Filter>Fichiers sources\Lua</Filter>
    </ClCompile>
    <ClCompile Include="Lua\ltablib.c">
      <Filter>Fichiers sources\Lua</Filter>
    </ClCompile>
    <ClCompile Include="Lua\lundump.c">
      <Filter>Fichiers sources\Lua</Filter>
    </ClCompile>
    <ClCompile Include="Lua\lzio.c">
      <Filter>Fichiers sources\Lua</Filter>
    </ClCompile>
    <ClCompile Include="LuaContext.cpp">
      <Filter>Fichiers sources</Filter>
    </ClCompile>
    <ClCompile Include="FontRenderer.cpp">
      <Filter>Fichiers sources\Fonts</Filter>
    </ClCompile>
    <ClCompile Include="LuaValueHelper.cpp">
      <Filter>Fichiers sources\Helpers</Filter>
    </ClCompile>
    <ClCompile Include="LuaBinding.cpp">
      <Filter>Fichiers sources\Helpers</Filter>
    </ClCompile>
    <ClCompile Include="stb_image.cpp">
      <Filter>Fichiers sources\Textures</Filter>
    </ClCompile>
    <ClCompile Include="TextureLoader.cpp">
      <Filter>Fichiers sources\Textures</Filter>
    </ClCompile>
    <ClCompile Include="Terminal.cpp">
      <Filter>Fichiers sources\LuaAPIs</Filter>
    </ClCompile>
    <ClCompile Include="LuaGL.cpp">
      <Filter>Fichiers sources\LuaAPIs</Filter>
    </ClCompile>
    <ClCompile Include="SharedQueue.cpp">
      <Filter>Fichiers sources\Threads</Filter>
    </ClCompile>
    <ClCompile Include="Engine.cpp">
      <Filter>Fichiers sources\Engine</Filter>
    </ClCompile>
    <ClCompile Include="Display.cpp">
      <Filter>Fichiers sources\Engine</Filter>
    </ClCompile>
    <ClCompile Include="EngineVariables.cpp">
      <Filter>Fichiers sources\Engine</Filter>
    </ClCompile>
    <ClCompile Include="OS.cpp">
      <Filter>Fichiers sources\LuaAPIs</Filter>
    </ClCompile>
    <ClCompile Include="FileSystem.cpp">
      <Filter>Fichiers sources\LuaAPIs</Filter>
    </ClCompile>
    <ClCompile Include="FSHelper.cpp">
      <Filter>Fichiers sources\Helpers</Filter>
    </ClCompile>
  </ItemGroup>
</Project>